
Microsoft Visual Studio Solution File, Format Version 12.00
# Visual Studio Version 17
VisualStudioVersion = 17.1.32407.343
MinimumVisualStudioVersion = 10.0.40219.1
Project("{9A19103F-16F7-4668-BE54-9A1E7A4F7556}") = "ExcelLibrary", "ExcelLibrary\ExcelLibrary.csproj", "{997C0E6A-A8F7-467B-BE43-F00FEFEF18EE}"
EndProject
Project("{9A19103F-16F7-4668-BE54-9A1E7A4F7556}") = "WebServerAsp", "WebServerAsp\WebServerAsp.csproj", "{F904E78C-90B9-4284-BCA7-1C79F4A8FDF8}"
EndProject
Project("{9A19103F-16F7-4668-BE54-9A1E7A4F7556}") = "TouristСenterLibrary", "TouristСenterLibrary\TouristСenterLibrary.csproj", "{571B2F63-2879-4164-8516-69CCB8C6B97C}"
EndProject
Global
	GlobalSection(SolutionConfigurationPlatforms) = preSolution
		Debug|Any CPU = Debug|Any CPU
		Release|Any CPU = Release|Any CPU
	EndGlobalSection
	GlobalSection(ProjectConfigurationPlatforms) = postSolution
		{997C0E6A-A8F7-467B-BE43-F00FEFEF18EE}.Debug|Any CPU.ActiveCfg = Debug|Any CPU
		{997C0E6A-A8F7-467B-BE43-F00FEFEF18EE}.Debug|Any CPU.Build.0 = Debug|Any CPU
		{997C0E6A-A8F7-467B-BE43-F00FEFEF18EE}.Release|Any CPU.ActiveCfg = Release|Any CPU
		{997C0E6A-A8F7-467B-BE43-F00FEFEF18EE}.Release|Any CPU.Build.0 = Release|Any CPU
		{F904E78C-90B9-4284-BCA7-1C79F4A8FDF8}.Debug|Any CPU.ActiveCfg = Debug|Any CPU
		{F904E78C-90B9-4284-BCA7-1C79F4A8FDF8}.Debug|Any CPU.Build.0 = Debug|Any CPU
		{F904E78C-90B9-4284-BCA7-1C79F4A8FDF8}.Release|Any CPU.ActiveCfg = Release|Any CPU
		{F904E78C-90B9-4284-BCA7-1C79F4A8FDF8}.Release|Any CPU.Build.0 = Release|Any CPU
		{571B2F63-2879-4164-8516-69CCB8C6B97C}.Debug|Any CPU.ActiveCfg = Debug|Any CPU
		{571B2F63-2879-4164-8516-69CCB8C6B97C}.Debug|Any CPU.Build.0 = Debug|Any CPU
		{571B2F63-2879-4164-8516-69CCB8C6B97C}.Release|Any CPU.ActiveCfg = Release|Any CPU
		{571B2F63-2879-4164-8516-69CCB8C6B97C}.Release|Any CPU.Build.0 = Release|Any CPU
	EndGlobalSection
	GlobalSection(SolutionProperties) = preSolution
		HideSolutionNode = FALSE
	EndGlobalSection
	GlobalSection(ExtensibilityGlobals) = postSolution
		SolutionGuid = {6A089E19-CE29-42C0-AD5E-E138401F8DB4}
	EndGlobalSection
EndGlobal
